// !$*UTF8*$!
{ archiveVersion = 1; classes = {}; objectVersion = 56; objects = {
000000000000000000000001 = { isa = PBXProject; attributes = { LastUpgradeCheck = 2600; }; buildConfigurationList = 00000000000000000000000A; compatibilityVersion = "Xcode 14.0"; developmentRegion = "zh-Hans"; knownRegions = ("zh-Hans", en, Base); mainGroup = 000000000000000000000002; productRefGroup = 000000000000000000000004; projectDirPath = ""; projectRoot = ""; packageReferences = (000000000000000000000081); targets = (000000000000000000000005,000000000000000000000342); };
000000000000000000000002 = { isa = PBXGroup; children = (000000000000000000000003, 000000000000000000000004,000000000000000000000340); sourceTree = "<group>"; };
000000000000000000000003 = { isa = PBXGroup; children = (000000000000000000000064, 000000000000000000000065, 000000000000000000000066, 000000000000000000000067, 000000000000000000000068,000000000000000000000069); path = HappyLifeParent; sourceTree = "<group>"; };
000000000000000000000004 = { isa = PBXGroup; children = (000000000000000000000006,000000000000000000000341); name = Products; sourceTree = "<group>"; };
000000000000000000000005 = { isa = PBXNativeTarget; buildConfigurationList = 00000000000000000000000B; buildPhases = (000000000000000000000007, 000000000000000000000008, 000000000000000000000009,000000000000000000000349); buildRules = (); dependencies = (00000000000000000000034B); name = HappyLifeParent; productName = HappyLifeParent; productReference = 000000000000000000000006; productType = "com.apple.product-type.application"; packageProductDependencies = (000000000000000000000080); };
000000000000000000000006 = { isa = PBXFileReference; explicitFileType = wrapper.application; includeInIndex = 0; path = "Linko Family.app"; sourceTree = BUILT_PRODUCTS_DIR; };
000000000000000000000069 = { isa = PBXFileReference; lastKnownFileType = sourcecode.swift; path = WatchCodeScanner.swift; sourceTree = "<group>"; };
0000000000000000000000CD = { isa = PBXBuildFile; fileRef = 000000000000000000000069; };
000000000000000000000064 = { isa = PBXFileReference; lastKnownFileType = sourcecode.swift; path = HappyLifeParentApp.swift; sourceTree = "<group>"; };
0000000000000000000000C8 = { isa = PBXBuildFile; fileRef = 000000000000000000000064; };
000000000000000000000065 = { isa = PBXFileReference; lastKnownFileType = sourcecode.swift; path = NativeModels.swift; sourceTree = "<group>"; };
0000000000000000000000C9 = { isa = PBXBuildFile; fileRef = 000000000000000000000065; };
000000000000000000000066 = { isa = PBXFileReference; lastKnownFileType = folder.assetcatalog; path = Assets.xcassets; sourceTree = "<group>"; };
0000000000000000000000CA = { isa = PBXBuildFile; fileRef = 000000000000000000000066; };
000000000000000000000067 = { isa = PBXFileReference; lastKnownFileType = text.plist.xml; path = Info.plist; sourceTree = "<group>"; };
000000000000000000000007 = { isa = PBXSourcesBuildPhase; buildActionMask = 2147483647; files = (0000000000000000000000C8,0000000000000000000000C9,0000000000000000000000CB,0000000000000000000000CD); runOnlyForDeploymentPostprocessing = 0; };
000000000000000000000008 = { isa = PBXFrameworksBuildPhase; buildActionMask = 2147483647; files = (0000000000000000000000CC); runOnlyForDeploymentPostprocessing = 0; };
000000000000000000000009 = { isa = PBXResourcesBuildPhase; buildActionMask = 2147483647; files = (0000000000000000000000CA); runOnlyForDeploymentPostprocessing = 0; };
00000000000000000000000A = { isa = XCConfigurationList; buildConfigurations = (000000000000000000000014,000000000000000000000015); defaultConfigurationIsVisible = 0; defaultConfigurationName = Release; };
00000000000000000000000B = { isa = XCConfigurationList; buildConfigurations = (000000000000000000000016,000000000000000000000017); defaultConfigurationIsVisible = 0; defaultConfigurationName = Release; };
000000000000000000000014 = { isa = XCBuildConfiguration; buildSettings = { CLANG_ENABLE_MODULES = YES; }; name = Debug; };
000000000000000000000015 = { isa = XCBuildConfiguration; buildSettings = { CLANG_ENABLE_MODULES = YES; }; name = Release; };
000000000000000000000016 = { isa = XCBuildConfiguration; buildSettings = { SDKROOT = iphoneos; SUPPORTED_PLATFORMS = "iphoneos iphonesimulator"; TARGETED_DEVICE_FAMILY = 1; IPHONEOS_DEPLOYMENT_TARGET = 17.0; SWIFT_VERSION = 5.0; PRODUCT_NAME = "Linko Family"; PRODUCT_BUNDLE_IDENTIFIER = net.impx.happylife.parent; SKIP_INSTALL = NO; ASSETCATALOG_COMPILER_APPICON_NAME = AppIcon; INFOPLIST_FILE = HappyLifeParent/Info.plist; GENERATE_INFOPLIST_FILE = NO; CODE_SIGN_STYLE = Automatic; MARKETING_VERSION = 1.2.0; CURRENT_PROJECT_VERSION = 7; SWIFT_OPTIMIZATION_LEVEL = "-Onone"; }; name = Debug; };
000000000000000000000017 = { isa = XCBuildConfiguration; buildSettings = { SDKROOT = iphoneos; SUPPORTED_PLATFORMS = "iphoneos iphonesimulator"; TARGETED_DEVICE_FAMILY = 1; IPHONEOS_DEPLOYMENT_TARGET = 17.0; SWIFT_VERSION = 5.0; PRODUCT_NAME = "Linko Family"; PRODUCT_BUNDLE_IDENTIFIER = net.impx.happylife.parent; SKIP_INSTALL = NO; ASSETCATALOG_COMPILER_APPICON_NAME = AppIcon; INFOPLIST_FILE = HappyLifeParent/Info.plist; GENERATE_INFOPLIST_FILE = NO; CODE_SIGN_STYLE = Automatic; MARKETING_VERSION = 1.2.0; CURRENT_PROJECT_VERSION = 7; SWIFT_OPTIMIZATION_LEVEL = "-O"; }; name = Release; };
000000000000000000000068 = { isa = PBXFileReference; lastKnownFileType = sourcecode.swift; path = FamilyStore.swift; sourceTree = "<group>"; };
0000000000000000000000CB = { isa = PBXBuildFile; fileRef = 000000000000000000000068; };
0000000000000000000000CC = { isa = PBXBuildFile; productRef = 000000000000000000000080; };
000000000000000000000080 = { isa = XCSwiftPackageProductDependency; package = 000000000000000000000081; productName = AgentIdentity; };
000000000000000000000081 = { isa = XCLocalSwiftPackageReference; relativePath = "../../../AgentIdentity/packages/AgentIdentity-iOS"; };
000000000000000000000300 = { isa = PBXFileReference; lastKnownFileType = sourcecode.swift; path = WatchAPI.swift; sourceTree = "<group>"; };
000000000000000000000320 = { isa = PBXBuildFile; fileRef = 000000000000000000000300; };
000000000000000000000301 = { isa = PBXFileReference; lastKnownFileType = sourcecode.swift; path = DeviceCredential.swift; sourceTree = "<group>"; };
000000000000000000000321 = { isa = PBXBuildFile; fileRef = 000000000000000000000301; };
000000000000000000000302 = { isa = PBXFileReference; lastKnownFileType = sourcecode.swift; path = WatchStore.swift; sourceTree = "<group>"; };
000000000000000000000322 = { isa = PBXBuildFile; fileRef = 000000000000000000000302; };
000000000000000000000303 = { isa = PBXFileReference; lastKnownFileType = sourcecode.swift; path = HappyLifeWatchApp.swift; sourceTree = "<group>"; };
000000000000000000000323 = { isa = PBXBuildFile; fileRef = 000000000000000000000303; };
000000000000000000000304 = { isa = PBXFileReference; lastKnownFileType = sourcecode.swift; path = WebFeatures.swift; sourceTree = "<group>"; };
000000000000000000000324 = { isa = PBXBuildFile; fileRef = 000000000000000000000304; };
000000000000000000000305 = { isa = PBXFileReference; lastKnownFileType = folder.assetcatalog; path = Assets.xcassets; sourceTree = "<group>"; };
000000000000000000000325 = { isa = PBXBuildFile; fileRef = 000000000000000000000305; };
000000000000000000000340 = { isa = PBXGroup; children = (000000000000000000000300,000000000000000000000301,000000000000000000000302,000000000000000000000303,000000000000000000000304,000000000000000000000305); path = "../../watch-app/apple/HappyLifeWatch"; name = WatchSources; sourceTree = "<group>"; };
000000000000000000000341 = { isa = PBXFileReference; explicitFileType = wrapper.application; includeInIndex = 0; path = "Linko Family Watch.app"; sourceTree = BUILT_PRODUCTS_DIR; };
000000000000000000000342 = { isa = PBXNativeTarget; buildConfigurationList = 000000000000000000000343; buildPhases = (000000000000000000000344,000000000000000000000345,000000000000000000000346); buildRules = (); dependencies = (); name = LinkoFamilyWatch; productName = "Linko Family Watch"; productReference = 000000000000000000000341; productType = "com.apple.product-type.application"; };
000000000000000000000343 = { isa = XCConfigurationList; buildConfigurations = (000000000000000000000347,000000000000000000000348); defaultConfigurationIsVisible = 0; defaultConfigurationName = Release; };
000000000000000000000344 = { isa = PBXSourcesBuildPhase; buildActionMask = 2147483647; files = (000000000000000000000320,000000000000000000000321,000000000000000000000322,000000000000000000000323,000000000000000000000324); runOnlyForDeploymentPostprocessing = 0; };
000000000000000000000345 = { isa = PBXFrameworksBuildPhase; buildActionMask = 2147483647; files = (); runOnlyForDeploymentPostprocessing = 0; };
000000000000000000000346 = { isa = PBXResourcesBuildPhase; buildActionMask = 2147483647; files = (000000000000000000000325); runOnlyForDeploymentPostprocessing = 0; };
000000000000000000000349 = { isa = PBXCopyFilesBuildPhase; buildActionMask = 2147483647; dstPath = "$(CONTENTS_FOLDER_PATH)/Watch"; dstSubfolderSpec = 16; files = (00000000000000000000034A); name = "Embed Watch Content"; runOnlyForDeploymentPostprocessing = 0; };
00000000000000000000034A = { isa = PBXBuildFile; fileRef = 000000000000000000000341; settings = { ATTRIBUTES = (RemoveHeadersOnCopy); }; };
00000000000000000000034B = { isa = PBXTargetDependency; target = 000000000000000000000342; targetProxy = 00000000000000000000034C; };
00000000000000000000034C = { isa = PBXContainerItemProxy; containerPortal = 000000000000000000000001; proxyType = 1; remoteGlobalIDString = 000000000000000000000342; remoteInfo = LinkoFamilyWatch; };
000000000000000000000347 = { isa = XCBuildConfiguration; buildSettings = { SDKROOT = watchos; SUPPORTED_PLATFORMS = "watchos watchsimulator"; TARGETED_DEVICE_FAMILY = 4; WATCHOS_DEPLOYMENT_TARGET = 10.0; SWIFT_VERSION = 5.0; PRODUCT_NAME = "Linko Family Watch"; PRODUCT_BUNDLE_IDENTIFIER = net.impx.happylife.parent.watchkitapp; SKIP_INSTALL = YES; ASSETCATALOG_COMPILER_APPICON_NAME = AppIcon; INFOPLIST_FILE = WatchInfo.plist; GENERATE_INFOPLIST_FILE = NO; CODE_SIGN_STYLE = Automatic; MARKETING_VERSION = 1.2.0; CURRENT_PROJECT_VERSION = 7; SWIFT_OPTIMIZATION_LEVEL = "-Onone"; DEBUG_INFORMATION_FORMAT = "dwarf-with-dsym"; }; name = Debug; };
000000000000000000000348 = { isa = XCBuildConfiguration; buildSettings = { SDKROOT = watchos; SUPPORTED_PLATFORMS = "watchos watchsimulator"; TARGETED_DEVICE_FAMILY = 4; WATCHOS_DEPLOYMENT_TARGET = 10.0; SWIFT_VERSION = 5.0; PRODUCT_NAME = "Linko Family Watch"; PRODUCT_BUNDLE_IDENTIFIER = net.impx.happylife.parent.watchkitapp; SKIP_INSTALL = YES; ASSETCATALOG_COMPILER_APPICON_NAME = AppIcon; INFOPLIST_FILE = WatchInfo.plist; GENERATE_INFOPLIST_FILE = NO; CODE_SIGN_STYLE = Automatic; MARKETING_VERSION = 1.2.0; CURRENT_PROJECT_VERSION = 7; SWIFT_OPTIMIZATION_LEVEL = "-O"; DEBUG_INFORMATION_FORMAT = "dwarf-with-dsym"; }; name = Release; };
}; rootObject = 000000000000000000000001; }
