// !$*UTF8*$!
{ archiveVersion = 1; classes = {}; objectVersion = 56; objects = {
000000000000000000000140 = { isa = PBXFileReference; lastKnownFileType = folder.assetcatalog; path = Assets.xcassets; sourceTree = "<group>"; };
000000000000000000000141 = { isa = PBXBuildFile; fileRef = 000000000000000000000140; };
00000000000000000000012C = { isa = PBXNativeTarget; buildConfigurationList = 000000000000000000000136; buildPhases = (00000000000000000000012E, 00000000000000000000012F); buildRules = (); dependencies = (000000000000000000000131); name = HappyLife; productName = HappyLife; productReference = 00000000000000000000012D; productType = "com.apple.product-type.application.watchapp2-container"; };
00000000000000000000012D = { isa = PBXFileReference; explicitFileType = wrapper.application; includeInIndex = 0; path = HappyLife.app; sourceTree = BUILT_PRODUCTS_DIR; };
00000000000000000000012E = { isa = PBXResourcesBuildPhase; buildActionMask = 2147483647; files = (); runOnlyForDeploymentPostprocessing = 0; };
00000000000000000000012F = { isa = PBXCopyFilesBuildPhase; buildActionMask = 2147483647; dstPath = "$(CONTENTS_FOLDER_PATH)/Watch"; dstSubfolderSpec = 16; files = (000000000000000000000130); name = "Embed Watch Content"; runOnlyForDeploymentPostprocessing = 0; };
000000000000000000000130 = { isa = PBXBuildFile; fileRef = 000000000000000000000006; settings = { ATTRIBUTES = (RemoveHeadersOnCopy); }; };
000000000000000000000131 = { isa = PBXTargetDependency; target = 000000000000000000000005; targetProxy = 000000000000000000000132; };
000000000000000000000132 = { isa = PBXContainerItemProxy; containerPortal = 000000000000000000000001; proxyType = 1; remoteGlobalIDString = 000000000000000000000005; remoteInfo = HappyLifeWatch; };
000000000000000000000136 = { isa = XCConfigurationList; buildConfigurations = (000000000000000000000137, 000000000000000000000138); defaultConfigurationIsVisible = 0; defaultConfigurationName = Release; };
000000000000000000000137 = { isa = XCBuildConfiguration; buildSettings = { SDKROOT = iphoneos; SUPPORTED_PLATFORMS = "iphoneos iphonesimulator"; TARGETED_DEVICE_FAMILY = "1,2"; IPHONEOS_DEPLOYMENT_TARGET = 17.0; PRODUCT_NAME = "$(TARGET_NAME)"; PRODUCT_BUNDLE_IDENTIFIER = net.impx.happylife.watch.apple; GENERATE_INFOPLIST_FILE = YES; INFOPLIST_KEY_CFBundleDisplayName = "家加分"; INFOPLIST_KEY_UILaunchScreen_Generation = YES; INFOPLIST_KEY_UISupportedInterfaceOrientations = "UIInterfaceOrientationPortrait UIInterfaceOrientationPortraitUpsideDown UIInterfaceOrientationLandscapeLeft UIInterfaceOrientationLandscapeRight"; INFOPLIST_KEY_ITSAppUsesNonExemptEncryption = NO; CODE_SIGN_STYLE = Automatic; MARKETING_VERSION = 1.0.0; CURRENT_PROJECT_VERSION = 3; SKIP_INSTALL = NO; }; name = Debug; };
000000000000000000000138 = { isa = XCBuildConfiguration; buildSettings = { SDKROOT = iphoneos; SUPPORTED_PLATFORMS = "iphoneos iphonesimulator"; TARGETED_DEVICE_FAMILY = "1,2"; IPHONEOS_DEPLOYMENT_TARGET = 17.0; PRODUCT_NAME = "$(TARGET_NAME)"; PRODUCT_BUNDLE_IDENTIFIER = net.impx.happylife.watch.apple; GENERATE_INFOPLIST_FILE = YES; INFOPLIST_KEY_CFBundleDisplayName = "家加分"; INFOPLIST_KEY_UILaunchScreen_Generation = YES; INFOPLIST_KEY_UISupportedInterfaceOrientations = "UIInterfaceOrientationPortrait UIInterfaceOrientationPortraitUpsideDown UIInterfaceOrientationLandscapeLeft UIInterfaceOrientationLandscapeRight"; INFOPLIST_KEY_ITSAppUsesNonExemptEncryption = NO; CODE_SIGN_STYLE = Automatic; MARKETING_VERSION = 1.0.0; CURRENT_PROJECT_VERSION = 3; SKIP_INSTALL = NO; }; name = Release; };
000000000000000000000068 = { isa = PBXFileReference; lastKnownFileType = sourcecode.swift; path = WebFeatures.swift; sourceTree = "<group>"; };
0000000000000000000000CC = { isa = PBXBuildFile; fileRef = 000000000000000000000068; };
000000000000000000000064 = { isa = PBXFileReference; lastKnownFileType = sourcecode.swift; path = WatchAPI.swift; sourceTree = "<group>"; };
0000000000000000000000C8 = { isa = PBXBuildFile; fileRef = 000000000000000000000064; };
000000000000000000000065 = { isa = PBXFileReference; lastKnownFileType = sourcecode.swift; path = DeviceCredential.swift; sourceTree = "<group>"; };
0000000000000000000000C9 = { isa = PBXBuildFile; fileRef = 000000000000000000000065; };
000000000000000000000066 = { isa = PBXFileReference; lastKnownFileType = sourcecode.swift; path = WatchStore.swift; sourceTree = "<group>"; };
0000000000000000000000CA = { isa = PBXBuildFile; fileRef = 000000000000000000000066; };
000000000000000000000067 = { isa = PBXFileReference; lastKnownFileType = sourcecode.swift; path = HappyLifeWatchApp.swift; sourceTree = "<group>"; };
0000000000000000000000CB = { isa = PBXBuildFile; fileRef = 000000000000000000000067; };
000000000000000000000001 = { isa = PBXProject; attributes = { LastUpgradeCheck = 2600; }; buildConfigurationList = 00000000000000000000000A; compatibilityVersion = "Xcode 14.0"; developmentRegion = "zh-Hans"; knownRegions = ("zh-Hans", en, Base); mainGroup = 000000000000000000000002; productRefGroup = 000000000000000000000004; projectDirPath = ""; projectRoot = ""; targets = (000000000000000000000005,00000000000000000000012C); };
000000000000000000000002 = { isa = PBXGroup; children = (000000000000000000000003, 000000000000000000000004); sourceTree = "<group>"; };
000000000000000000000003 = { isa = PBXGroup; children = (000000000000000000000064,000000000000000000000065,000000000000000000000066,000000000000000000000067,000000000000000000000068,000000000000000000000140); path = HappyLifeWatch; sourceTree = "<group>"; };
000000000000000000000004 = { isa = PBXGroup; children = (000000000000000000000006,00000000000000000000012D); name = Products; sourceTree = "<group>"; };
000000000000000000000005 = { isa = PBXNativeTarget; buildConfigurationList = 00000000000000000000000B; buildPhases = (000000000000000000000007, 000000000000000000000008, 000000000000000000000009); buildRules = (); dependencies = (); name = HappyLifeWatch; productName = HappyLifeWatch; productReference = 000000000000000000000006; productType = "com.apple.product-type.application"; };
000000000000000000000006 = { isa = PBXFileReference; explicitFileType = wrapper.application; includeInIndex = 0; path = HappyLifeWatch.app; sourceTree = BUILT_PRODUCTS_DIR; };
000000000000000000000007 = { isa = PBXSourcesBuildPhase; buildActionMask = 2147483647; files = (0000000000000000000000C8,0000000000000000000000C9,0000000000000000000000CA,0000000000000000000000CB,0000000000000000000000CC); runOnlyForDeploymentPostprocessing = 0; };
000000000000000000000008 = { isa = PBXFrameworksBuildPhase; buildActionMask = 2147483647; files = (); runOnlyForDeploymentPostprocessing = 0; };
000000000000000000000009 = { isa = PBXResourcesBuildPhase; buildActionMask = 2147483647; files = (000000000000000000000141); runOnlyForDeploymentPostprocessing = 0; };
00000000000000000000000A = { isa = XCConfigurationList; buildConfigurations = (000000000000000000000014, 000000000000000000000015); defaultConfigurationIsVisible = 0; defaultConfigurationName = Release; };
00000000000000000000000B = { isa = XCConfigurationList; buildConfigurations = (000000000000000000000016, 000000000000000000000017); defaultConfigurationIsVisible = 0; defaultConfigurationName = Release; };
000000000000000000000014 = { isa = XCBuildConfiguration; buildSettings = { CLANG_ENABLE_MODULES = YES; }; name = Debug; };
000000000000000000000015 = { isa = XCBuildConfiguration; buildSettings = { CLANG_ENABLE_MODULES = YES; }; name = Release; };
000000000000000000000016 = { isa = XCBuildConfiguration; buildSettings = { SDKROOT = watchos; SUPPORTED_PLATFORMS = "watchos watchsimulator"; TARGETED_DEVICE_FAMILY = 4; WATCHOS_DEPLOYMENT_TARGET = 10.0; SWIFT_VERSION = 5.0; PRODUCT_NAME = "$(TARGET_NAME)"; PRODUCT_BUNDLE_IDENTIFIER = net.impx.happylife.watch.apple.watchkitapp; SKIP_INSTALL = YES; ASSETCATALOG_COMPILER_APPICON_NAME = AppIcon; INFOPLIST_FILE = HappyLifeWatch/Info.plist; GENERATE_INFOPLIST_FILE = NO; CODE_SIGN_STYLE = Automatic; MARKETING_VERSION = 1.0.0; CURRENT_PROJECT_VERSION = 3; SWIFT_OPTIMIZATION_LEVEL = "-Onone"; DEBUG_INFORMATION_FORMAT = dwarf; }; name = Debug; };
000000000000000000000017 = { isa = XCBuildConfiguration; buildSettings = { SDKROOT = watchos; SUPPORTED_PLATFORMS = "watchos watchsimulator"; TARGETED_DEVICE_FAMILY = 4; WATCHOS_DEPLOYMENT_TARGET = 10.0; SWIFT_VERSION = 5.0; PRODUCT_NAME = "$(TARGET_NAME)"; PRODUCT_BUNDLE_IDENTIFIER = net.impx.happylife.watch.apple.watchkitapp; SKIP_INSTALL = YES; ASSETCATALOG_COMPILER_APPICON_NAME = AppIcon; INFOPLIST_FILE = HappyLifeWatch/Info.plist; GENERATE_INFOPLIST_FILE = NO; CODE_SIGN_STYLE = Automatic; MARKETING_VERSION = 1.0.0; CURRENT_PROJECT_VERSION = 3; SWIFT_OPTIMIZATION_LEVEL = "-O"; DEBUG_INFORMATION_FORMAT = "dwarf-with-dsym"; }; name = Release; };
}; rootObject = 000000000000000000000001; }
